# This file is autogenerated, do not edit; changes may be undone by the next 'dep ensure'.


[[projects]]
  branch = "master"
  name = "github.com/jarcoal/httpmock"
  packages = ["."]
  revision = "4442edb3db31196622da56482fd8d0fa375fba4d"

[solve-meta]
  analyzer-name = "dep"
  analyzer-version = 1
  inputs-digest = "cbddcaa084c6b443fe8df427723b6581636ad5402ce72ae2f3fddc16c5206a46"
  solver-name = "gps-cdcl"
  solver-version = 1
